
Microsoft Visual Studio Solution File, Format Version 12.00
# Visual Studio Version 17
VisualStudioVersion = 17.9.34728.123
MinimumVisualStudioVersion = 10.0.40219.1
Project("{9A19103F-16F7-4668-BE54-9A1E7A4F7556}") = "Test_Project", "Test_Project\Test_Project.csproj", "{D0A82F45-FD27-482E-BB0A-88A8E93F792A}"
EndProject
Global
	GlobalSection(SolutionConfigurationPlatforms) = preSolution
		Debug|Any CPU = Debug|Any CPU
		Release|Any CPU = Release|Any CPU
	EndGlobalSection
	GlobalSection(ProjectConfigurationPlatforms) = postSolution
		{D0A82F45-FD27-482E-BB0A-88A8E93F792A}.Debug|Any CPU.ActiveCfg = Debug|Any CPU
		{D0A82F45-FD27-482E-BB0A-88A8E93F792A}.Debug|Any CPU.Build.0 = Debug|Any CPU
		{D0A82F45-FD27-482E-BB0A-88A8E93F792A}.Release|Any CPU.ActiveCfg = Release|Any CPU
		{D0A82F45-FD27-482E-BB0A-88A8E93F792A}.Release|Any CPU.Build.0 = Release|Any CPU
	EndGlobalSection
	GlobalSection(SolutionProperties) = preSolution
		HideSolutionNode = FALSE
	EndGlobalSection
	GlobalSection(ExtensibilityGlobals) = postSolution
		SolutionGuid = {F11A8147-28C5-4D97-9512-703BDBF136EE}
	EndGlobalSection
EndGlobal
